
Microsoft Visual Studio Solution File, Format Version 12.00
# Visual Studio Version 17
VisualStudioVersion = 17.5.33530.505
MinimumVisualStudioVersion = 10.0.40219.1
Project("{FAE04EC0-301F-11D3-BF4B-00C04F79EFBC}") = "СV22", "СV22\СV22.csproj", "{4ECD9FD5-B4D3-4972-B03D-8A40949646A6}"
EndProject
Global
	GlobalSection(SolutionConfigurationPlatforms) = preSolution
		Debug|Any CPU = Debug|Any CPU
		Release|Any CPU = Release|Any CPU
	EndGlobalSection
	GlobalSection(ProjectConfigurationPlatforms) = postSolution
		{4ECD9FD5-B4D3-4972-B03D-8A40949646A6}.Debug|Any CPU.ActiveCfg = Debug|Any CPU
		{4ECD9FD5-B4D3-4972-B03D-8A40949646A6}.Debug|Any CPU.Build.0 = Debug|Any CPU
		{4ECD9FD5-B4D3-4972-B03D-8A40949646A6}.Release|Any CPU.ActiveCfg = Release|Any CPU
		{4ECD9FD5-B4D3-4972-B03D-8A40949646A6}.Release|Any CPU.Build.0 = Release|Any CPU
	EndGlobalSection
	GlobalSection(SolutionProperties) = preSolution
		HideSolutionNode = FALSE
	EndGlobalSection
	GlobalSection(ExtensibilityGlobals) = postSolution
		SolutionGuid = {EBE3AE7E-84EC-4942-AC73-97F9210C4333}
	EndGlobalSection
EndGlobal
